
Microsoft Visual Studio Solution File, Format Version 12.00
# Visual Studio Version 17
VisualStudioVersion = 17.14.36616.10 d17.14
MinimumVisualStudioVersion = 10.0.40219.1
Project("{FAE04EC0-301F-11D3-BF4B-00C04F79EFBC}") = "03-11-25", "03-11-25.csproj", "{C033AFC8-62AE-4266-B204-0215CA686B0F}"
EndProject
Global
	GlobalSection(SolutionConfigurationPlatforms) = preSolution
		Debug|Any CPU = Debug|Any CPU
		Release|Any CPU = Release|Any CPU
	EndGlobalSection
	GlobalSection(ProjectConfigurationPlatforms) = postSolution
		{C033AFC8-62AE-4266-B204-0215CA686B0F}.Debug|Any CPU.ActiveCfg = Debug|Any CPU
		{C033AFC8-62AE-4266-B204-0215CA686B0F}.Debug|Any CPU.Build.0 = Debug|Any CPU
		{C033AFC8-62AE-4266-B204-0215CA686B0F}.Release|Any CPU.ActiveCfg = Release|Any CPU
		{C033AFC8-62AE-4266-B204-0215CA686B0F}.Release|Any CPU.Build.0 = Release|Any CPU
	EndGlobalSection
	GlobalSection(SolutionProperties) = preSolution
		HideSolutionNode = FALSE
	EndGlobalSection
	GlobalSection(ExtensibilityGlobals) = postSolution
		SolutionGuid = {B750F580-5D24-4AC5-B965-4C2BF492950B}
	EndGlobalSection
EndGlobal
