
Microsoft Visual Studio Solution File, Format Version 12.00
# Visual Studio Version 17
VisualStudioVersion = 17.14.36616.10 d17.14
MinimumVisualStudioVersion = 10.0.40219.1
Project("{FAE04EC0-301F-11D3-BF4B-00C04F79EFBC}") = "HTML_Helpers_Prj", "HTML_Helpers_Prj.csproj", "{B8E8FB62-D368-4B92-A9D9-110069735533}"
EndProject
Global
	GlobalSection(SolutionConfigurationPlatforms) = preSolution
		Debug|Any CPU = Debug|Any CPU
		Release|Any CPU = Release|Any CPU
	EndGlobalSection
	GlobalSection(ProjectConfigurationPlatforms) = postSolution
		{B8E8FB62-D368-4B92-A9D9-110069735533}.Debug|Any CPU.ActiveCfg = Debug|Any CPU
		{B8E8FB62-D368-4B92-A9D9-110069735533}.Debug|Any CPU.Build.0 = Debug|Any CPU
		{B8E8FB62-D368-4B92-A9D9-110069735533}.Release|Any CPU.ActiveCfg = Release|Any CPU
		{B8E8FB62-D368-4B92-A9D9-110069735533}.Release|Any CPU.Build.0 = Release|Any CPU
	EndGlobalSection
	GlobalSection(SolutionProperties) = preSolution
		HideSolutionNode = FALSE
	EndGlobalSection
	GlobalSection(ExtensibilityGlobals) = postSolution
		SolutionGuid = {496CE561-D4E1-4476-B14A-98774858E814}
	EndGlobalSection
EndGlobal
