
Microsoft Visual Studio Solution File, Format Version 12.00
# Visual Studio Version 17
VisualStudioVersion = 17.14.36616.10 d17.14
MinimumVisualStudioVersion = 10.0.40219.1
Project("{FAE04EC0-301F-11D3-BF4B-00C04F79EFBC}") = "04-11-25", "04-11-25.csproj", "{6FAD2313-4AC8-43F9-A585-95D2DBC99DC5}"
EndProject
Global
	GlobalSection(SolutionConfigurationPlatforms) = preSolution
		Debug|Any CPU = Debug|Any CPU
		Release|Any CPU = Release|Any CPU
	EndGlobalSection
	GlobalSection(ProjectConfigurationPlatforms) = postSolution
		{6FAD2313-4AC8-43F9-A585-95D2DBC99DC5}.Debug|Any CPU.ActiveCfg = Debug|Any CPU
		{6FAD2313-4AC8-43F9-A585-95D2DBC99DC5}.Debug|Any CPU.Build.0 = Debug|Any CPU
		{6FAD2313-4AC8-43F9-A585-95D2DBC99DC5}.Release|Any CPU.ActiveCfg = Release|Any CPU
		{6FAD2313-4AC8-43F9-A585-95D2DBC99DC5}.Release|Any CPU.Build.0 = Release|Any CPU
	EndGlobalSection
	GlobalSection(SolutionProperties) = preSolution
		HideSolutionNode = FALSE
	EndGlobalSection
	GlobalSection(ExtensibilityGlobals) = postSolution
		SolutionGuid = {DD8369DF-7304-4987-AB66-DF367E088A32}
	EndGlobalSection
EndGlobal
