
Microsoft Visual Studio Solution File, Format Version 12.00
# Visual Studio Version 17
VisualStudioVersion = 17.14.36616.10 d17.14
MinimumVisualStudioVersion = 10.0.40219.1
Project("{FAE04EC0-301F-11D3-BF4B-00C04F79EFBC}") = "06-11-2025", "06-11-2025.csproj", "{0B298527-ED27-4DDB-B071-A34B39CB21FC}"
EndProject
Global
	GlobalSection(SolutionConfigurationPlatforms) = preSolution
		Debug|Any CPU = Debug|Any CPU
		Release|Any CPU = Release|Any CPU
	EndGlobalSection
	GlobalSection(ProjectConfigurationPlatforms) = postSolution
		{0B298527-ED27-4DDB-B071-A34B39CB21FC}.Debug|Any CPU.ActiveCfg = Debug|Any CPU
		{0B298527-ED27-4DDB-B071-A34B39CB21FC}.Debug|Any CPU.Build.0 = Debug|Any CPU
		{0B298527-ED27-4DDB-B071-A34B39CB21FC}.Release|Any CPU.ActiveCfg = Release|Any CPU
		{0B298527-ED27-4DDB-B071-A34B39CB21FC}.Release|Any CPU.Build.0 = Release|Any CPU
	EndGlobalSection
	GlobalSection(SolutionProperties) = preSolution
		HideSolutionNode = FALSE
	EndGlobalSection
	GlobalSection(ExtensibilityGlobals) = postSolution
		SolutionGuid = {4854C3D6-CB48-42AC-90C8-9F30051A3C01}
	EndGlobalSection
EndGlobal
