
Microsoft Visual Studio Solution File, Format Version 12.00
# Visual Studio Version 17
VisualStudioVersion = 17.14.36616.10 d17.14
MinimumVisualStudioVersion = 10.0.40219.1
Project("{FAE04EC0-301F-11D3-BF4B-00C04F79EFBC}") = "WebApplication1", "WebApplication1.csproj", "{E4C73AEA-FD5B-4773-8BA5-D0ECD339D311}"
EndProject
Global
	GlobalSection(SolutionConfigurationPlatforms) = preSolution
		Debug|Any CPU = Debug|Any CPU
		Release|Any CPU = Release|Any CPU
	EndGlobalSection
	GlobalSection(ProjectConfigurationPlatforms) = postSolution
		{E4C73AEA-FD5B-4773-8BA5-D0ECD339D311}.Debug|Any CPU.ActiveCfg = Debug|Any CPU
		{E4C73AEA-FD5B-4773-8BA5-D0ECD339D311}.Debug|Any CPU.Build.0 = Debug|Any CPU
		{E4C73AEA-FD5B-4773-8BA5-D0ECD339D311}.Release|Any CPU.ActiveCfg = Release|Any CPU
		{E4C73AEA-FD5B-4773-8BA5-D0ECD339D311}.Release|Any CPU.Build.0 = Release|Any CPU
	EndGlobalSection
	GlobalSection(SolutionProperties) = preSolution
		HideSolutionNode = FALSE
	EndGlobalSection
	GlobalSection(ExtensibilityGlobals) = postSolution
		SolutionGuid = {3BAE92CB-4E13-47F4-8F1A-1A904F4F5D22}
	EndGlobalSection
EndGlobal
