
Microsoft Visual Studio Solution File, Format Version 12.00
# Visual Studio Version 17
VisualStudioVersion = 17.14.36616.10 d17.14
MinimumVisualStudioVersion = 10.0.40219.1
Project("{FAE04EC0-301F-11D3-BF4B-00C04F79EFBC}") = "13-11-25", "13-11-25.csproj", "{CBAE24D6-C059-4932-B15B-15B2FAFD6D28}"
EndProject
Global
	GlobalSection(SolutionConfigurationPlatforms) = preSolution
		Debug|Any CPU = Debug|Any CPU
		Release|Any CPU = Release|Any CPU
	EndGlobalSection
	GlobalSection(ProjectConfigurationPlatforms) = postSolution
		{CBAE24D6-C059-4932-B15B-15B2FAFD6D28}.Debug|Any CPU.ActiveCfg = Debug|Any CPU
		{CBAE24D6-C059-4932-B15B-15B2FAFD6D28}.Debug|Any CPU.Build.0 = Debug|Any CPU
		{CBAE24D6-C059-4932-B15B-15B2FAFD6D28}.Release|Any CPU.ActiveCfg = Release|Any CPU
		{CBAE24D6-C059-4932-B15B-15B2FAFD6D28}.Release|Any CPU.Build.0 = Release|Any CPU
	EndGlobalSection
	GlobalSection(SolutionProperties) = preSolution
		HideSolutionNode = FALSE
	EndGlobalSection
	GlobalSection(ExtensibilityGlobals) = postSolution
		SolutionGuid = {DE38832A-F32C-4241-8743-DEF8DC233A89}
	EndGlobalSection
EndGlobal
